
Microsoft Visual Studio Solution File, Format Version 12.00
# Visual Studio Version 17
VisualStudioVersion = 17.11.35312.102
MinimumVisualStudioVersion = 10.0.40219.1
Project("{FAE04EC0-301F-11D3-BF4B-00C04F79EFBC}") = "LazyLoadingEagerLoading", "LazyLoadingEagerLoading\LazyLoadingEagerLoading.csproj", "{FEEEFFBC-93B1-47F1-9CDE-B2655FECB316}"
EndProject
Global
	GlobalSection(SolutionConfigurationPlatforms) = preSolution
		Debug|Any CPU = Debug|Any CPU
		Release|Any CPU = Release|Any CPU
	EndGlobalSection
	GlobalSection(ProjectConfigurationPlatforms) = postSolution
		{FEEEFFBC-93B1-47F1-9CDE-B2655FECB316}.Debug|Any CPU.ActiveCfg = Debug|Any CPU
		{FEEEFFBC-93B1-47F1-9CDE-B2655FECB316}.Debug|Any CPU.Build.0 = Debug|Any CPU
		{FEEEFFBC-93B1-47F1-9CDE-B2655FECB316}.Release|Any CPU.ActiveCfg = Release|Any CPU
		{FEEEFFBC-93B1-47F1-9CDE-B2655FECB316}.Release|Any CPU.Build.0 = Release|Any CPU
	EndGlobalSection
	GlobalSection(SolutionProperties) = preSolution
		HideSolutionNode = FALSE
	EndGlobalSection
	GlobalSection(ExtensibilityGlobals) = postSolution
		SolutionGuid = {98541F10-141F-4988-A72F-44B4FB1C5825}
	EndGlobalSection
EndGlobal
